// !$*UTF8*$!
{
	archiveVersion = 1;
	classes = {
	};
	objectVersion = 56;
	objects = {

/* Begin PBXBuildFile section */
		393727F52D12E532003CB76E /* AppDelegate.swift in Sources */ = {isa = PBXBuildFile; fileRef = 393727F42D12E532003CB76E /* AppDelegate.swift */; };
		393727F72D12E532003CB76E /* SceneDelegate.swift in Sources */ = {isa = PBXBuildFile; fileRef = 393727F62D12E532003CB76E /* SceneDelegate.swift */; };
		393727FF2D12E532003CB76E /* Practice.xcdatamodeld in Sources */ = {isa = PBXBuildFile; fileRef = 393727FD2D12E532003CB76E /* Practice.xcdatamodeld */; };
		393728012D12E537003CB76E /* Assets.xcassets in Resources */ = {isa = PBXBuildFile; fileRef = 393728002D12E537003CB76E /* Assets.xcassets */; };
		393728042D12E537003CB76E /* Base in Resources */ = {isa = PBXBuildFile; fileRef = 393728032D12E537003CB76E /* Base */; };
		3937280C2D12F1A6003CB76E /* Vehicle.swift in Sources */ = {isa = PBXBuildFile; fileRef = 3937280B2D12F1A6003CB76E /* Vehicle.swift */; };
		3937280E2D12FA99003CB76E /* CarVehicle.swift in Sources */ = {isa = PBXBuildFile; fileRef = 3937280D2D12FA99003CB76E /* CarVehicle.swift */; };
		393728102D12FC3C003CB76E /* VehicleDisplayable.swift in Sources */ = {isa = PBXBuildFile; fileRef = 3937280F2D12FC3C003CB76E /* VehicleDisplayable.swift */; };
		393728122D12FDF9003CB76E /* VehicleManager.swift in Sources */ = {isa = PBXBuildFile; fileRef = 393728112D12FDF9003CB76E /* VehicleManager.swift */; };
		393728142D15836F003CB76E /* VehicleManagerViewCell.swift in Sources */ = {isa = PBXBuildFile; fileRef = 393728132D15836F003CB76E /* VehicleManagerViewCell.swift */; };
		393728162D158C14003CB76E /* TrucksVehicle.swift in Sources */ = {isa = PBXBuildFile; fileRef = 393728152D158C14003CB76E /* TrucksVehicle.swift */; };
		393728182D170575003CB76E /* MotorcycleVehicle.swift in Sources */ = {isa = PBXBuildFile; fileRef = 393728172D170575003CB76E /* MotorcycleVehicle.swift */; };
/* End PBXBuildFile section */

/* Begin PBXFileReference section */
		393727F12D12E532003CB76E /* Practice.app */ = {isa = PBXFileReference; explicitFileType = wrapper.application; includeInIndex = 0; path = Practice.app; sourceTree = BUILT_PRODUCTS_DIR; };
		393727F42D12E532003CB76E /* AppDelegate.swift */ = {isa = PBXFileReference; lastKnownFileType = sourcecode.swift; path = AppDelegate.swift; sourceTree = "<group>"; };
		393727F62D12E532003CB76E /* SceneDelegate.swift */ = {isa = PBXFileReference; lastKnownFileType = sourcecode.swift; path = SceneDelegate.swift; sourceTree = "<group>"; };
		393727FE2D12E532003CB76E /* Practice.xcdatamodel */ = {isa = PBXFileReference; lastKnownFileType = wrapper.xcdatamodel; path = Practice.xcdatamodel; sourceTree = "<group>"; };
		393728002D12E537003CB76E /* Assets.xcassets */ = {isa = PBXFileReference; lastKnownFileType = folder.assetcatalog; path = Assets.xcassets; sourceTree = "<group>"; };
		393728032D12E537003CB76E /* Base */ = {isa = PBXFileReference; lastKnownFileType = file.storyboard; name = Base; path = Base.lproj/LaunchScreen.storyboard; sourceTree = "<group>"; };
		393728052D12E537003CB76E /* Info.plist */ = {isa = PBXFileReference; lastKnownFileType = text.plist.xml; path = Info.plist; sourceTree = "<group>"; };
		3937280B2D12F1A6003CB76E /* Vehicle.swift */ = {isa = PBXFileReference; lastKnownFileType = sourcecode.swift; path = Vehicle.swift; sourceTree = "<group>"; };
		3937280D2D12FA99003CB76E /* CarVehicle.swift */ = {isa = PBXFileReference; lastKnownFileType = sourcecode.swift; path = CarVehicle.swift; sourceTree = "<group>"; };
		3937280F2D12FC3C003CB76E /* VehicleDisplayable.swift */ = {isa = PBXFileReference; lastKnownFileType = sourcecode.swift; path = VehicleDisplayable.swift; sourceTree = "<group>"; };
		393728112D12FDF9003CB76E /* VehicleManager.swift */ = {isa = PBXFileReference; lastKnownFileType = sourcecode.swift; path = VehicleManager.swift; sourceTree = "<group>"; };
		393728132D15836F003CB76E /* VehicleManagerViewCell.swift */ = {isa = PBXFileReference; lastKnownFileType = sourcecode.swift; path = VehicleManagerViewCell.swift; sourceTree = "<group>"; };
		393728152D158C14003CB76E /* TrucksVehicle.swift */ = {isa = PBXFileReference; lastKnownFileType = sourcecode.swift; path = TrucksVehicle.swift; sourceTree = "<group>"; };
		393728172D170575003CB76E /* MotorcycleVehicle.swift */ = {isa = PBXFileReference; lastKnownFileType = sourcecode.swift; path = MotorcycleVehicle.swift; sourceTree = "<group>"; };
/* End PBXFileReference section */

/* Begin PBXFrameworksBuildPhase section */
		393727EE2D12E532003CB76E /* Frameworks */ = {
			isa = PBXFrameworksBuildPhase;
			buildActionMask = 2147483647;
			files = (
			);
			runOnlyForDeploymentPostprocessing = 0;
		};
/* End PBXFrameworksBuildPhase section */

/* Begin PBXGroup section */
		393727E82D12E532003CB76E = {
			isa = PBXGroup;
			children = (
				393727F32D12E532003CB76E /* Practice */,
				393727F22D12E532003CB76E /* Products */,
			);
			sourceTree = "<group>";
		};
		393727F22D12E532003CB76E /* Products */ = {
			isa = PBXGroup;
			children = (
				393727F12D12E532003CB76E /* Practice.app */,
			);
			name = Products;
			sourceTree = "<group>";
		};
		393727F32D12E532003CB76E /* Practice */ = {
			isa = PBXGroup;
			children = (
				393727F42D12E532003CB76E /* AppDelegate.swift */,
				393727F62D12E532003CB76E /* SceneDelegate.swift */,
				3937281C2D19961D003CB76E /* Protocols */,
				3937281B2D199600003CB76E /* BaseClass */,
				3937281A2D1994C1003CB76E /* VehicleManagerController */,
				393728192D199490003CB76E /* Vehicles */,
				393728002D12E537003CB76E /* Assets.xcassets */,
				393728022D12E537003CB76E /* LaunchScreen.storyboard */,
				393728052D12E537003CB76E /* Info.plist */,
				393727FD2D12E532003CB76E /* Practice.xcdatamodeld */,
			);
			path = Practice;
			sourceTree = "<group>";
		};
		393728192D199490003CB76E /* Vehicles */ = {
			isa = PBXGroup;
			children = (
				393728172D170575003CB76E /* MotorcycleVehicle.swift */,
				3937280D2D12FA99003CB76E /* CarVehicle.swift */,
				393728152D158C14003CB76E /* TrucksVehicle.swift */,
			);
			path = Vehicles;
			sourceTree = "<group>";
		};
		3937281A2D1994C1003CB76E /* VehicleManagerController */ = {
			isa = PBXGroup;
			children = (
				393728112D12FDF9003CB76E /* VehicleManager.swift */,
				393728132D15836F003CB76E /* VehicleManagerViewCell.swift */,
			);
			path = VehicleManagerController;
			sourceTree = "<group>";
		};
		3937281B2D199600003CB76E /* BaseClass */ = {
			isa = PBXGroup;
			children = (
				3937280B2D12F1A6003CB76E /* Vehicle.swift */,
			);
			path = BaseClass;
			sourceTree = "<group>";
		};
		3937281C2D19961D003CB76E /* Protocols */ = {
			isa = PBXGroup;
			children = (
				3937280F2D12FC3C003CB76E /* VehicleDisplayable.swift */,
			);
			path = Protocols;
			sourceTree = "<group>";
		};
/* End PBXGroup section */

/* Begin PBXNativeTarget section */
		393727F02D12E532003CB76E /* Practice */ = {
			isa = PBXNativeTarget;
			buildConfigurationList = 393728082D12E537003CB76E /* Build configuration list for PBXNativeTarget "Practice" */;
			buildPhases = (
				393727ED2D12E532003CB76E /* Sources */,
				393727EE2D12E532003CB76E /* Frameworks */,
				393727EF2D12E532003CB76E /* Resources */,
			);
			buildRules = (
			);
			dependencies = (
			);
			name = Practice;
			productName = Practice;
			productReference = 393727F12D12E532003CB76E /* Practice.app */;
			productType = "com.apple.product-type.application";
		};
/* End PBXNativeTarget section */

/* Begin PBXProject section */
		393727E92D12E532003CB76E /* Project object */ = {
			isa = PBXProject;
			attributes = {
				BuildIndependentTargetsInParallel = 1;
				LastSwiftUpdateCheck = 1540;
				LastUpgradeCheck = 1540;
				TargetAttributes = {
					393727F02D12E532003CB76E = {
						CreatedOnToolsVersion = 15.4;
					};
				};
			};
			buildConfigurationList = 393727EC2D12E532003CB76E /* Build configuration list for PBXProject "Practice" */;
			compatibilityVersion = "Xcode 14.0";
			developmentRegion = en;
			hasScannedForEncodings = 0;
			knownRegions = (
				en,
				Base,
			);
			mainGroup = 393727E82D12E532003CB76E;
			productRefGroup = 393727F22D12E532003CB76E /* Products */;
			projectDirPath = "";
			projectRoot = "";
			targets = (
				393727F02D12E532003CB76E /* Practice */,
			);
		};
/* End PBXProject section */

/* Begin PBXResourcesBuildPhase section */
		393727EF2D12E532003CB76E /* Resources */ = {
			isa = PBXResourcesBuildPhase;
			buildActionMask = 2147483647;
			files = (
				393728012D12E537003CB76E /* Assets.xcassets in Resources */,
				393728042D12E537003CB76E /* Base in Resources */,
			);
			runOnlyForDeploymentPostprocessing = 0;
		};
/* End PBXResourcesBuildPhase section */

/* Begin PBXSourcesBuildPhase section */
		393727ED2D12E532003CB76E /* Sources */ = {
			isa = PBXSourcesBuildPhase;
			buildActionMask = 2147483647;
			files = (
				393728142D15836F003CB76E /* VehicleManagerViewCell.swift in Sources */,
				393728182D170575003CB76E /* MotorcycleVehicle.swift in Sources */,
				393727FF2D12E532003CB76E /* Practice.xcdatamodeld in Sources */,
				393728122D12FDF9003CB76E /* VehicleManager.swift in Sources */,
				393728162D158C14003CB76E /* TrucksVehicle.swift in Sources */,
				393727F52D12E532003CB76E /* AppDelegate.swift in Sources */,
				393728102D12FC3C003CB76E /* VehicleDisplayable.swift in Sources */,
				3937280E2D12FA99003CB76E /* CarVehicle.swift in Sources */,
				3937280C2D12F1A6003CB76E /* Vehicle.swift in Sources */,
				393727F72D12E532003CB76E /* SceneDelegate.swift in Sources */,
			);
			runOnlyForDeploymentPostprocessing = 0;
		};
/* End PBXSourcesBuildPhase section */

/* Begin PBXVariantGroup section */
		393728022D12E537003CB76E /* LaunchScreen.storyboard */ = {
			isa = PBXVariantGroup;
			children = (
				393728032D12E537003CB76E /* Base */,
			);
			name = LaunchScreen.storyboard;
			sourceTree = "<group>";
		};
/* End PBXVariantGroup section */

/* Begin XCBuildConfiguration section */
		393728062D12E537003CB76E /* Debug */ = {
			isa = XCBuildConfiguration;
			buildSettings = {
				ALWAYS_SEARCH_USER_PATHS = NO;
				ASSETCATALOG_COMPILER_GENERATE_SWIFT_ASSET_SYMBOL_EXTENSIONS = YES;
				CLANG_ANALYZER_NONNULL = YES;
				CLANG_ANALYZER_NUMBER_OBJECT_CONVERSION = YES_AGGRESSIVE;
				CLANG_CXX_LANGUAGE_STANDARD = "gnu++20";
				CLANG_ENABLE_MODULES = YES;
				CLANG_ENABLE_OBJC_ARC = YES;
				CLANG_ENABLE_OBJC_WEAK = YES;
				CLANG_WARN_BLOCK_CAPTURE_AUTORELEASING = YES;
				CLANG_WARN_BOOL_CONVERSION = YES;
				CLANG_WARN_COMMA = YES;
				CLANG_WARN_CONSTANT_CONVERSION = YES;
				CLANG_WARN_DEPRECATED_OBJC_IMPLEMENTATIONS = YES;
				CLANG_WARN_DIRECT_OBJC_ISA_USAGE = YES_ERROR;
				CLANG_WARN_DOCUMENTATION_COMMENTS = YES;
				CLANG_WARN_EMPTY_BODY = YES;
				CLANG_WARN_ENUM_CONVERSION = YES;
				CLANG_WARN_INFINITE_RECURSION = YES;
				CLANG_WARN_INT_CONVERSION = YES;
				CLANG_WARN_NON_LITERAL_NULL_CONVERSION = YES;
				CLANG_WARN_OBJC_IMPLICIT_RETAIN_SELF = YES;
				CLANG_WARN_OBJC_LITERAL_CONVERSION = YES;
				CLANG_WARN_OBJC_ROOT_CLASS = YES_ERROR;
				CLANG_WARN_QUOTED_INCLUDE_IN_FRAMEWORK_HEADER = YES;
				CLANG_WARN_RANGE_LOOP_ANALYSIS = YES;
				CLANG_WARN_STRICT_PROTOTYPES = YES;
				CLANG_WARN_SUSPICIOUS_MOVE = YES;
				CLANG_WARN_UNGUARDED_AVAILABILITY = YES_AGGRESSIVE;
				CLANG_WARN_UNREACHABLE_CODE = YES;
				CLANG_WARN__DUPLICATE_METHOD_MATCH = YES;
				COPY_PHASE_STRIP = NO;
				DEBUG_INFORMATION_FORMAT = dwarf;
				ENABLE_STRICT_OBJC_MSGSEND = YES;
				ENABLE_TESTABILITY = YES;
				ENABLE_USER_SCRIPT_SANDBOXING = YES;
				GCC_C_LANGUAGE_STANDARD = gnu17;
				GCC_DYNAMIC_NO_PIC = NO;
				GCC_NO_COMMON_BLOCKS = YES;
				GCC_OPTIMIZATION_LEVEL = 0;
				GCC_PREPROCESSOR_DEFINITIONS = (
					"DEBUG=1",
					"$(inherited)",
				);
				GCC_WARN_64_TO_32_BIT_CONVERSION = YES;
				GCC_WARN_ABOUT_RETURN_TYPE = YES_ERROR;
				GCC_WARN_UNDECLARED_SELECTOR = YES;
				GCC_WARN_UNINITIALIZED_AUTOS = YES_AGGRESSIVE;
				GCC_WARN_UNUSED_FUNCTION = YES;
				GCC_WARN_UNUSED_VARIABLE = YES;
				IPHONEOS_DEPLOYMENT_TARGET = 17.5;
				LOCALIZATION_PREFERS_STRING_CATALOGS = YES;
				MTL_ENABLE_DEBUG_INFO = INCLUDE_SOURCE;
				MTL_FAST_MATH = YES;
				ONLY_ACTIVE_ARCH = YES;
				SDKROOT = iphoneos;
				SWIFT_ACTIVE_COMPILATION_CONDITIONS = "DEBUG $(inherited)";
				SWIFT_OPTIMIZATION_LEVEL = "-Onone";
			};
			name = Debug;
		};
		393728072D12E537003CB76E /* Release */ = {
			isa = XCBuildConfiguration;
			buildSettings = {
				ALWAYS_SEARCH_USER_PATHS = NO;
				ASSETCATALOG_COMPILER_GENERATE_SWIFT_ASSET_SYMBOL_EXTENSIONS = YES;
				CLANG_ANALYZER_NONNULL = YES;
				CLANG_ANALYZER_NUMBER_OBJECT_CONVERSION = YES_AGGRESSIVE;
				CLANG_CXX_LANGUAGE_STANDARD = "gnu++20";
				CLANG_ENABLE_MODULES = YES;
				CLANG_ENABLE_OBJC_ARC = YES;
				CLANG_ENABLE_OBJC_WEAK = YES;
				CLANG_WARN_BLOCK_CAPTURE_AUTORELEASING = YES;
				CLANG_WARN_BOOL_CONVERSION = YES;
				CLANG_WARN_COMMA = YES;
				CLANG_WARN_CONSTANT_CONVERSION = YES;
				CLANG_WARN_DEPRECATED_OBJC_IMPLEMENTATIONS = YES;
				CLANG_WARN_DIRECT_OBJC_ISA_USAGE = YES_ERROR;
				CLANG_WARN_DOCUMENTATION_COMMENTS = YES;
				CLANG_WARN_EMPTY_BODY = YES;
				CLANG_WARN_ENUM_CONVERSION = YES;
				CLANG_WARN_INFINITE_RECURSION = YES;
				CLANG_WARN_INT_CONVERSION = YES;
				CLANG_WARN_NON_LITERAL_NULL_CONVERSION = YES;
				CLANG_WARN_OBJC_IMPLICIT_RETAIN_SELF = YES;
				CLANG_WARN_OBJC_LITERAL_CONVERSION = YES;
				CLANG_WARN_OBJC_ROOT_CLASS = YES_ERROR;
				CLANG_WARN_QUOTED_INCLUDE_IN_FRAMEWORK_HEADER = YES;
				CLANG_WARN_RANGE_LOOP_ANALYSIS = YES;
				CLANG_WARN_STRICT_PROTOTYPES = YES;
				CLANG_WARN_SUSPICIOUS_MOVE = YES;
				CLANG_WARN_UNGUARDED_AVAILABILITY = YES_AGGRESSIVE;
				CLANG_WARN_UNREACHABLE_CODE = YES;
				CLANG_WARN__DUPLICATE_METHOD_MATCH = YES;
				COPY_PHASE_STRIP = NO;
				DEBUG_INFORMATION_FORMAT = "dwarf-with-dsym";
				ENABLE_NS_ASSERTIONS = NO;
				ENABLE_STRICT_OBJC_MSGSEND = YES;
				ENABLE_USER_SCRIPT_SANDBOXING = YES;
				GCC_C_LANGUAGE_STANDARD = gnu17;
				GCC_NO_COMMON_BLOCKS = YES;
				GCC_WARN_64_TO_32_BIT_CONVERSION = YES;
				GCC_WARN_ABOUT_RETURN_TYPE = YES_ERROR;
				GCC_WARN_UNDECLARED_SELECTOR = YES;
				GCC_WARN_UNINITIALIZED_AUTOS = YES_AGGRESSIVE;
				GCC_WARN_UNUSED_FUNCTION = YES;
				GCC_WARN_UNUSED_VARIABLE = YES;
				IPHONEOS_DEPLOYMENT_TARGET = 17.5;
				LOCALIZATION_PREFERS_STRING_CATALOGS = YES;
				MTL_ENABLE_DEBUG_INFO = NO;
				MTL_FAST_MATH = YES;
				SDKROOT = iphoneos;
				SWIFT_COMPILATION_MODE = wholemodule;
				VALIDATE_PRODUCT = YES;
			};
			name = Release;
		};
		393728092D12E537003CB76E /* Debug */ = {
			isa = XCBuildConfiguration;
			buildSettings = {
				ASSETCATALOG_COMPILER_APPICON_NAME = AppIcon;
				ASSETCATALOG_COMPILER_GLOBAL_ACCENT_COLOR_NAME = AccentColor;
				CODE_SIGN_STYLE = Automatic;
				CURRENT_PROJECT_VERSION = 1;
				GENERATE_INFOPLIST_FILE = YES;
				INFOPLIST_FILE = Practice/Info.plist;
				INFOPLIST_KEY_UIApplicationSupportsIndirectInputEvents = YES;
				INFOPLIST_KEY_UILaunchStoryboardName = LaunchScreen;
				INFOPLIST_KEY_UISupportedInterfaceOrientations_iPad = "UIInterfaceOrientationPortrait UIInterfaceOrientationPortraitUpsideDown UIInterfaceOrientationLandscapeLeft UIInterfaceOrientationLandscapeRight";
				INFOPLIST_KEY_UISupportedInterfaceOrientations_iPhone = "UIInterfaceOrientationPortrait UIInterfaceOrientationLandscapeLeft UIInterfaceOrientationLandscapeRight";
				LD_RUNPATH_SEARCH_PATHS = (
					"$(inherited)",
					"@executable_path/Frameworks",
				);
				MARKETING_VERSION = 1.0;
				PRODUCT_BUNDLE_IDENTIFIER = com.Cicek.Practice;
				PRODUCT_NAME = "$(TARGET_NAME)";
				SWIFT_EMIT_LOC_STRINGS = YES;
				SWIFT_VERSION = 5.0;
				TARGETED_DEVICE_FAMILY = "1,2";
			};
			name = Debug;
		};
		3937280A2D12E537003CB76E /* Release */ = {
			isa = XCBuildConfiguration;
			buildSettings = {
				ASSETCATALOG_COMPILER_APPICON_NAME = AppIcon;
				ASSETCATALOG_COMPILER_GLOBAL_ACCENT_COLOR_NAME = AccentColor;
				CODE_SIGN_STYLE = Automatic;
				CURRENT_PROJECT_VERSION = 1;
				GENERATE_INFOPLIST_FILE = YES;
				INFOPLIST_FILE = Practice/Info.plist;
				INFOPLIST_KEY_UIApplicationSupportsIndirectInputEvents = YES;
				INFOPLIST_KEY_UILaunchStoryboardName = LaunchScreen;
				INFOPLIST_KEY_UISupportedInterfaceOrientations_iPad = "UIInterfaceOrientationPortrait UIInterfaceOrientationPortraitUpsideDown UIInterfaceOrientationLandscapeLeft UIInterfaceOrientationLandscapeRight";
				INFOPLIST_KEY_UISupportedInterfaceOrientations_iPhone = "UIInterfaceOrientationPortrait UIInterfaceOrientationLandscapeLeft UIInterfaceOrientationLandscapeRight";
				LD_RUNPATH_SEARCH_PATHS = (
					"$(inherited)",
					"@executable_path/Frameworks",
				);
				MARKETING_VERSION = 1.0;
				PRODUCT_BUNDLE_IDENTIFIER = com.Cicek.Practice;
				PRODUCT_NAME = "$(TARGET_NAME)";
				SWIFT_EMIT_LOC_STRINGS = YES;
				SWIFT_VERSION = 5.0;
				TARGETED_DEVICE_FAMILY = "1,2";
			};
			name = Release;
		};
/* End XCBuildConfiguration section */

/* Begin XCConfigurationList section */
		393727EC2D12E532003CB76E /* Build configuration list for PBXProject "Practice" */ = {
			isa = XCConfigurationList;
			buildConfigurations = (
				393728062D12E537003CB76E /* Debug */,
				393728072D12E537003CB76E /* Release */,
			);
			defaultConfigurationIsVisible = 0;
			defaultConfigurationName = Release;
		};
		393728082D12E537003CB76E /* Build configuration list for PBXNativeTarget "Practice" */ = {
			isa = XCConfigurationList;
			buildConfigurations = (
				393728092D12E537003CB76E /* Debug */,
				3937280A2D12E537003CB76E /* Release */,
			);
			defaultConfigurationIsVisible = 0;
			defaultConfigurationName = Release;
		};
/* End XCConfigurationList section */

/* Begin XCVersionGroup section */
		393727FD2D12E532003CB76E /* Practice.xcdatamodeld */ = {
			isa = XCVersionGroup;
			children = (
				393727FE2D12E532003CB76E /* Practice.xcdatamodel */,
			);
			currentVersion = 393727FE2D12E532003CB76E /* Practice.xcdatamodel */;
			path = Practice.xcdatamodeld;
			sourceTree = "<group>";
			versionGroupType = wrapper.xcdatamodel;
		};
/* End XCVersionGroup section */
	};
	rootObject = 393727E92D12E532003CB76E /* Project object */;
}
